
Microsoft Visual Studio Solution File, Format Version 12.00
# Visual Studio Version 16
VisualStudioVersion = 16.0.30804.86
MinimumVisualStudioVersion = 10.0.40219.1
Project("{2150E333-8FDC-42A3-9474-1A3956D46DE8}") = "src", "src", "{C9E81580-FB0B-49F9-9F4D-5BA5C8CFC304}"
	ProjectSection(SolutionItems) = preProject
		src\Directory.Build.props = src\Directory.Build.props
	EndProjectSection
EndProject
Project("{2150E333-8FDC-42A3-9474-1A3956D46DE8}") = "tests", "tests", "{BAE3733B-C5BE-420A-AD35-346171693391}"
	ProjectSection(SolutionItems) = preProject
		tests\Directory.Build.props = tests\Directory.Build.props
	EndProjectSection
EndProject
Project("{9A19103F-16F7-4668-BE54-9A1E7A4F7556}") = "Firefly.CloudFormationParser", "src\Firefly.CloudFormationParser\Firefly.CloudFormationParser.csproj", "{C035778A-67D4-42EB-85B0-A18E40F599C2}"
EndProject
Project("{9A19103F-16F7-4668-BE54-9A1E7A4F7556}") = "Firefly.CloudFormationParser.Tests.Integration", "tests\Firefly.CloudFormationParser.Tests.Integration\Firefly.CloudFormationParser.Tests.Integration.csproj", "{ACD46257-BB5E-4E88-8591-0E3FF829F41F}"
EndProject
Project("{9A19103F-16F7-4668-BE54-9A1E7A4F7556}") = "Firefly.CloudFormationParser.Tests.Unit", "tests\Firefly.CloudFormationParser.Tests.Unit\Firefly.CloudFormationParser.Tests.Unit.csproj", "{3E9770FB-CD31-4B1C-BFB6-9294EC822525}"
EndProject
Project("{9A19103F-16F7-4668-BE54-9A1E7A4F7556}") = "Firefly.CloudFormationParser.Cfn", "src\Firefly.CloudFormationParser.Cfn\Firefly.CloudFormationParser.Cfn.csproj", "{8281809F-6C97-4B72-B6F2-8A4E90DC97FD}"
EndProject
Project("{9A19103F-16F7-4668-BE54-9A1E7A4F7556}") = "Firefly.CloudFormationParser.Tests.Common", "tests\Firefly.CloudFormationParser.Tests.Common\Firefly.CloudFormationParser.Tests.Common.csproj", "{73F66BF2-8047-4E36-8D66-CC68DAA860DF}"
EndProject
Project("{9A19103F-16F7-4668-BE54-9A1E7A4F7556}") = "Firefly.CloudFormationParser.S3", "src\Firefly.CloudFormationParser.S3\Firefly.CloudFormationParser.S3.csproj", "{C0B1D6BD-C207-4F22-8D8A-7F69E04C393D}"
EndProject
Project("{2150E333-8FDC-42A3-9474-1A3956D46DE8}") = ".build", ".build", "{E094FFAA-A0A0-4BDD-AA24-F101EA48FB17}"
	ProjectSection(SolutionItems) = preProject
		build\BuildSetup.props = build\BuildSetup.props
		build\DeployBuild.props = build\DeployBuild.props
		build\PackagesGeneration.props = build\PackagesGeneration.props
	EndProjectSection
EndProject
Global
	GlobalSection(SolutionConfigurationPlatforms) = preSolution
		Debug|Any CPU = Debug|Any CPU
		Release|Any CPU = Release|Any CPU
	EndGlobalSection
	GlobalSection(ProjectConfigurationPlatforms) = postSolution
		{C035778A-67D4-42EB-85B0-A18E40F599C2}.Debug|Any CPU.ActiveCfg = Debug|Any CPU
		{C035778A-67D4-42EB-85B0-A18E40F599C2}.Debug|Any CPU.Build.0 = Debug|Any CPU
		{C035778A-67D4-42EB-85B0-A18E40F599C2}.Release|Any CPU.ActiveCfg = Release|Any CPU
		{C035778A-67D4-42EB-85B0-A18E40F599C2}.Release|Any CPU.Build.0 = Release|Any CPU
		{ACD46257-BB5E-4E88-8591-0E3FF829F41F}.Debug|Any CPU.ActiveCfg = Debug|Any CPU
		{ACD46257-BB5E-4E88-8591-0E3FF829F41F}.Debug|Any CPU.Build.0 = Debug|Any CPU
		{ACD46257-BB5E-4E88-8591-0E3FF829F41F}.Release|Any CPU.ActiveCfg = Release|Any CPU
		{ACD46257-BB5E-4E88-8591-0E3FF829F41F}.Release|Any CPU.Build.0 = Release|Any CPU
		{3E9770FB-CD31-4B1C-BFB6-9294EC822525}.Debug|Any CPU.ActiveCfg = Debug|Any CPU
		{3E9770FB-CD31-4B1C-BFB6-9294EC822525}.Debug|Any CPU.Build.0 = Debug|Any CPU
		{3E9770FB-CD31-4B1C-BFB6-9294EC822525}.Release|Any CPU.ActiveCfg = Release|Any CPU
		{3E9770FB-CD31-4B1C-BFB6-9294EC822525}.Release|Any CPU.Build.0 = Release|Any CPU
		{8281809F-6C97-4B72-B6F2-8A4E90DC97FD}.Debug|Any CPU.ActiveCfg = Debug|Any CPU
		{8281809F-6C97-4B72-B6F2-8A4E90DC97FD}.Debug|Any CPU.Build.0 = Debug|Any CPU
		{8281809F-6C97-4B72-B6F2-8A4E90DC97FD}.Release|Any CPU.ActiveCfg = Release|Any CPU
		{8281809F-6C97-4B72-B6F2-8A4E90DC97FD}.Release|Any CPU.Build.0 = Release|Any CPU
		{73F66BF2-8047-4E36-8D66-CC68DAA860DF}.Debug|Any CPU.ActiveCfg = Debug|Any CPU
		{73F66BF2-8047-4E36-8D66-CC68DAA860DF}.Debug|Any CPU.Build.0 = Debug|Any CPU
		{73F66BF2-8047-4E36-8D66-CC68DAA860DF}.Release|Any CPU.ActiveCfg = Release|Any CPU
		{73F66BF2-8047-4E36-8D66-CC68DAA860DF}.Release|Any CPU.Build.0 = Release|Any CPU
		{C0B1D6BD-C207-4F22-8D8A-7F69E04C393D}.Debug|Any CPU.ActiveCfg = Debug|Any CPU
		{C0B1D6BD-C207-4F22-8D8A-7F69E04C393D}.Debug|Any CPU.Build.0 = Debug|Any CPU
		{C0B1D6BD-C207-4F22-8D8A-7F69E04C393D}.Release|Any CPU.ActiveCfg = Release|Any CPU
		{C0B1D6BD-C207-4F22-8D8A-7F69E04C393D}.Release|Any CPU.Build.0 = Release|Any CPU
	EndGlobalSection
	GlobalSection(SolutionProperties) = preSolution
		HideSolutionNode = FALSE
	EndGlobalSection
	GlobalSection(NestedProjects) = preSolution
		{C035778A-67D4-42EB-85B0-A18E40F599C2} = {C9E81580-FB0B-49F9-9F4D-5BA5C8CFC304}
		{ACD46257-BB5E-4E88-8591-0E3FF829F41F} = {BAE3733B-C5BE-420A-AD35-346171693391}
		{3E9770FB-CD31-4B1C-BFB6-9294EC822525} = {BAE3733B-C5BE-420A-AD35-346171693391}
		{8281809F-6C97-4B72-B6F2-8A4E90DC97FD} = {C9E81580-FB0B-49F9-9F4D-5BA5C8CFC304}
		{73F66BF2-8047-4E36-8D66-CC68DAA860DF} = {BAE3733B-C5BE-420A-AD35-346171693391}
		{C0B1D6BD-C207-4F22-8D8A-7F69E04C393D} = {C9E81580-FB0B-49F9-9F4D-5BA5C8CFC304}
	EndGlobalSection
	GlobalSection(ExtensibilityGlobals) = postSolution
		SolutionGuid = {40D23F0C-1F4C-472A-BE45-33E34FE0F112}
	EndGlobalSection
EndGlobal
